
Microsoft Visual Studio Solution File, Format Version 12.00
# Visual Studio Version 16
VisualStudioVersion = 16.0.29924.181
MinimumVisualStudioVersion = 10.0.40219.1
Project("{FAE04EC0-301F-11D3-BF4B-00C04F79EFBC}") = "ZombieApocalypseDemo", "ZombieApocalypseDemo\ZombieApocalypseDemo.csproj", "{CA84BF6C-B3E2-41D8-8C0F-9D8BDBF42135}"
EndProject
Global
	GlobalSection(SolutionConfigurationPlatforms) = preSolution
		Debug|Any CPU = Debug|Any CPU
		Release|Any CPU = Release|Any CPU
	EndGlobalSection
	GlobalSection(ProjectConfigurationPlatforms) = postSolution
		{CA84BF6C-B3E2-41D8-8C0F-9D8BDBF42135}.Debug|Any CPU.ActiveCfg = Debug|Any CPU
		{CA84BF6C-B3E2-41D8-8C0F-9D8BDBF42135}.Debug|Any CPU.Build.0 = Debug|Any CPU
		{CA84BF6C-B3E2-41D8-8C0F-9D8BDBF42135}.Release|Any CPU.ActiveCfg = Release|Any CPU
		{CA84BF6C-B3E2-41D8-8C0F-9D8BDBF42135}.Release|Any CPU.Build.0 = Release|Any CPU
	EndGlobalSection
	GlobalSection(SolutionProperties) = preSolution
		HideSolutionNode = FALSE
	EndGlobalSection
	GlobalSection(ExtensibilityGlobals) = postSolution
		SolutionGuid = {2214311E-929C-47F0-83BC-1D3C2801B273}
	EndGlobalSection
EndGlobal
